
Microsoft Visual Studio Solution File, Format Version 12.00
# Visual Studio Version 17
VisualStudioVersion = 17.7.34031.279
MinimumVisualStudioVersion = 10.0.40219.1
Project("{FAE04EC0-301F-11D3-BF4B-00C04F79EFBC}") = "WorkFlow.API", "WorkFlow.API\WorkFlow.API.csproj", "{67ED2752-F50D-4D7E-95C8-734CBF8ABA38}"
EndProject
Project("{FAE04EC0-301F-11D3-BF4B-00C04F79EFBC}") = "WorkFlow.BLL", "WorkFlow.BLL\WorkFlow.BLL.csproj", "{EF28D068-7D2A-48CB-AEBD-E365D24CD4F1}"
EndProject
Project("{FAE04EC0-301F-11D3-BF4B-00C04F79EFBC}") = "WorkFlow.DAL", "WorkFlow.DAL\WorkFlow.DAL.csproj", "{62D02B1C-04F5-40E6-9761-7DDE5B8E207F}"
EndProject
Global
	GlobalSection(SolutionConfigurationPlatforms) = preSolution
		Debug|Any CPU = Debug|Any CPU
		Release|Any CPU = Release|Any CPU
	EndGlobalSection
	GlobalSection(ProjectConfigurationPlatforms) = postSolution
		{67ED2752-F50D-4D7E-95C8-734CBF8ABA38}.Debug|Any CPU.ActiveCfg = Debug|Any CPU
		{67ED2752-F50D-4D7E-95C8-734CBF8ABA38}.Debug|Any CPU.Build.0 = Debug|Any CPU
		{67ED2752-F50D-4D7E-95C8-734CBF8ABA38}.Release|Any CPU.ActiveCfg = Release|Any CPU
		{67ED2752-F50D-4D7E-95C8-734CBF8ABA38}.Release|Any CPU.Build.0 = Release|Any CPU
		{EF28D068-7D2A-48CB-AEBD-E365D24CD4F1}.Debug|Any CPU.ActiveCfg = Debug|Any CPU
		{EF28D068-7D2A-48CB-AEBD-E365D24CD4F1}.Debug|Any CPU.Build.0 = Debug|Any CPU
		{EF28D068-7D2A-48CB-AEBD-E365D24CD4F1}.Release|Any CPU.ActiveCfg = Release|Any CPU
		{EF28D068-7D2A-48CB-AEBD-E365D24CD4F1}.Release|Any CPU.Build.0 = Release|Any CPU
		{62D02B1C-04F5-40E6-9761-7DDE5B8E207F}.Debug|Any CPU.ActiveCfg = Debug|Any CPU
		{62D02B1C-04F5-40E6-9761-7DDE5B8E207F}.Debug|Any CPU.Build.0 = Debug|Any CPU
		{62D02B1C-04F5-40E6-9761-7DDE5B8E207F}.Release|Any CPU.ActiveCfg = Release|Any CPU
		{62D02B1C-04F5-40E6-9761-7DDE5B8E207F}.Release|Any CPU.Build.0 = Release|Any CPU
	EndGlobalSection
	GlobalSection(SolutionProperties) = preSolution
		HideSolutionNode = FALSE
	EndGlobalSection
	GlobalSection(ExtensibilityGlobals) = postSolution
		SolutionGuid = {FA8EA146-8073-4998-BB24-ACD258885D24}
	EndGlobalSection
EndGlobal
